
Microsoft Visual Studio Solution File, Format Version 12.00
# Visual Studio 15
VisualStudioVersion = 15.0.27703.2042
MinimumVisualStudioVersion = 10.0.40219.1
Project("{FAE04EC0-301F-11D3-BF4B-00C04F79EFBC}") = "XAnimation.Forms.Sample.Android", "XAnimation.Forms.Sample\XAnimation.Forms.Sample.Android\XAnimation.Forms.Sample.Android.csproj", "{D7811991-A1EC-46F3-83D5-F06EC1FA9E6F}"
EndProject
Project("{FAE04EC0-301F-11D3-BF4B-00C04F79EFBC}") = "XAnimation.Forms.Sample.iOS", "XAnimation.Forms.Sample\XAnimation.Forms.Sample.iOS\XAnimation.Forms.Sample.iOS.csproj", "{A6793D04-2564-41B5-BEA7-BF463550886F}"
EndProject
Project("{FAE04EC0-301F-11D3-BF4B-00C04F79EFBC}") = "XAnimation.Forms.Sample.UWP", "XAnimation.Forms.Sample\XAnimation.Forms.Sample.UWP\XAnimation.Forms.Sample.UWP.csproj", "{77F3099D-2DFE-4C25-A4EA-C64206D75573}"
EndProject
Project("{9A19103F-16F7-4668-BE54-9A1E7A4F7556}") = "XAnimation.Forms.Sample", "XAnimation.Forms.Sample\XAnimation.Forms.Sample\XAnimation.Forms.Sample.csproj", "{83875698-8ED3-4D95-A606-9CDC6E71802B}"
EndProject
Project("{2150E333-8FDC-42A3-9474-1A3956D46DE8}") = "Xamarin.Forms", "Xamarin.Forms", "{974EFC06-385C-4CC5-918B-B4E836951D37}"
EndProject
Project("{9A19103F-16F7-4668-BE54-9A1E7A4F7556}") = "XAnimation", "XAnimation\XAnimation.csproj", "{8BE26A2B-7507-4C2F-9888-67382FA7582F}"
EndProject
Project("{9A19103F-16F7-4668-BE54-9A1E7A4F7556}") = "XAnimation.Forms", "XAnimation.Forms\XAnimation.Forms.csproj", "{396F2ECF-E0FC-41B2-8818-538F39756337}"
EndProject
Project("{FAE04EC0-301F-11D3-BF4B-00C04F79EFBC}") = "XAnimation.Droid", "XAnimation.Droid\XAnimation.Droid.csproj", "{5C56A4E6-D24F-4A70-9542-F7D8743F2C73}"
EndProject
Project("{FAE04EC0-301F-11D3-BF4B-00C04F79EFBC}") = "XAnimation.iOS", "XAnimation.iOS\XAnimation.iOS.csproj", "{E71F3053-056C-4381-9638-048ED73BDFF6}"
EndProject
Project("{2150E333-8FDC-42A3-9474-1A3956D46DE8}") = "Xamarin.Native", "Xamarin.Native", "{9907BD04-C895-41F7-96C5-01D44E90CA65}"
EndProject
Project("{FAE04EC0-301F-11D3-BF4B-00C04F79EFBC}") = "XAnimation.Droid.Sample", "XAnimation.Droid.Sample\XAnimation.Droid.Sample.csproj", "{07272096-7498-4F50-B9FC-AA5202BDA99D}"
EndProject
Project("{FAE04EC0-301F-11D3-BF4B-00C04F79EFBC}") = "XAnimation.iOS.Sample", "XAnimation.iOS.Sample\XAnimation.iOS.Sample.csproj", "{4C22BFDA-5874-4348-B67D-2B06D262BAE4}"
EndProject
Global
	GlobalSection(SolutionConfigurationPlatforms) = preSolution
		Debug|Any CPU = Debug|Any CPU
		Debug|ARM = Debug|ARM
		Debug|iPhone = Debug|iPhone
		Debug|iPhoneSimulator = Debug|iPhoneSimulator
		Debug|x64 = Debug|x64
		Debug|x86 = Debug|x86
		Release|Any CPU = Release|Any CPU
		Release|ARM = Release|ARM
		Release|iPhone = Release|iPhone
		Release|iPhoneSimulator = Release|iPhoneSimulator
		Release|x64 = Release|x64
		Release|x86 = Release|x86
	EndGlobalSection
	GlobalSection(ProjectConfigurationPlatforms) = postSolution
		{D7811991-A1EC-46F3-83D5-F06EC1FA9E6F}.Debug|Any CPU.ActiveCfg = Debug|Any CPU
		{D7811991-A1EC-46F3-83D5-F06EC1FA9E6F}.Debug|Any CPU.Build.0 = Debug|Any CPU
		{D7811991-A1EC-46F3-83D5-F06EC1FA9E6F}.Debug|Any CPU.Deploy.0 = Debug|Any CPU
		{D7811991-A1EC-46F3-83D5-F06EC1FA9E6F}.Debug|ARM.ActiveCfg = Debug|Any CPU
		{D7811991-A1EC-46F3-83D5-F06EC1FA9E6F}.Debug|ARM.Build.0 = Debug|Any CPU
		{D7811991-A1EC-46F3-83D5-F06EC1FA9E6F}.Debug|ARM.Deploy.0 = Debug|Any CPU
		{D7811991-A1EC-46F3-83D5-F06EC1FA9E6F}.Debug|iPhone.ActiveCfg = Debug|Any CPU
		{D7811991-A1EC-46F3-83D5-F06EC1FA9E6F}.Debug|iPhone.Build.0 = Debug|Any CPU
		{D7811991-A1EC-46F3-83D5-F06EC1FA9E6F}.Debug|iPhone.Deploy.0 = Debug|Any CPU
		{D7811991-A1EC-46F3-83D5-F06EC1FA9E6F}.Debug|iPhoneSimulator.ActiveCfg = Debug|Any CPU
		{D7811991-A1EC-46F3-83D5-F06EC1FA9E6F}.Debug|iPhoneSimulator.Build.0 = Debug|Any CPU
		{D7811991-A1EC-46F3-83D5-F06EC1FA9E6F}.Debug|iPhoneSimulator.Deploy.0 = Debug|Any CPU
		{D7811991-A1EC-46F3-83D5-F06EC1FA9E6F}.Debug|x64.ActiveCfg = Debug|Any CPU
		{D7811991-A1EC-46F3-83D5-F06EC1FA9E6F}.Debug|x64.Build.0 = Debug|Any CPU
		{D7811991-A1EC-46F3-83D5-F06EC1FA9E6F}.Debug|x64.Deploy.0 = Debug|Any CPU
		{D7811991-A1EC-46F3-83D5-F06EC1FA9E6F}.Debug|x86.ActiveCfg = Debug|Any CPU
		{D7811991-A1EC-46F3-83D5-F06EC1FA9E6F}.Debug|x86.Build.0 = Debug|Any CPU
		{D7811991-A1EC-46F3-83D5-F06EC1FA9E6F}.Debug|x86.Deploy.0 = Debug|Any CPU
		{D7811991-A1EC-46F3-83D5-F06EC1FA9E6F}.Release|Any CPU.ActiveCfg = Release|Any CPU
		{D7811991-A1EC-46F3-83D5-F06EC1FA9E6F}.Release|Any CPU.Build.0 = Release|Any CPU
		{D7811991-A1EC-46F3-83D5-F06EC1FA9E6F}.Release|Any CPU.Deploy.0 = Release|Any CPU
		{D7811991-A1EC-46F3-83D5-F06EC1FA9E6F}.Release|ARM.ActiveCfg = Release|Any CPU
		{D7811991-A1EC-46F3-83D5-F06EC1FA9E6F}.Release|ARM.Build.0 = Release|Any CPU
		{D7811991-A1EC-46F3-83D5-F06EC1FA9E6F}.Release|ARM.Deploy.0 = Release|Any CPU
		{D7811991-A1EC-46F3-83D5-F06EC1FA9E6F}.Release|iPhone.ActiveCfg = Release|Any CPU
		{D7811991-A1EC-46F3-83D5-F06EC1FA9E6F}.Release|iPhone.Build.0 = Release|Any CPU
		{D7811991-A1EC-46F3-83D5-F06EC1FA9E6F}.Release|iPhone.Deploy.0 = Release|Any CPU
		{D7811991-A1EC-46F3-83D5-F06EC1FA9E6F}.Release|iPhoneSimulator.ActiveCfg = Release|Any CPU
		{D7811991-A1EC-46F3-83D5-F06EC1FA9E6F}.Release|iPhoneSimulator.Build.0 = Release|Any CPU
		{D7811991-A1EC-46F3-83D5-F06EC1FA9E6F}.Release|iPhoneSimulator.Deploy.0 = Release|Any CPU
		{D7811991-A1EC-46F3-83D5-F06EC1FA9E6F}.Release|x64.ActiveCfg = Release|Any CPU
		{D7811991-A1EC-46F3-83D5-F06EC1FA9E6F}.Release|x64.Build.0 = Release|Any CPU
		{D7811991-A1EC-46F3-83D5-F06EC1FA9E6F}.Release|x64.Deploy.0 = Release|Any CPU
		{D7811991-A1EC-46F3-83D5-F06EC1FA9E6F}.Release|x86.ActiveCfg = Release|Any CPU
		{D7811991-A1EC-46F3-83D5-F06EC1FA9E6F}.Release|x86.Build.0 = Release|Any CPU
		{D7811991-A1EC-46F3-83D5-F06EC1FA9E6F}.Release|x86.Deploy.0 = Release|Any CPU
		{A6793D04-2564-41B5-BEA7-BF463550886F}.Debug|Any CPU.ActiveCfg = Debug|iPhone
		{A6793D04-2564-41B5-BEA7-BF463550886F}.Debug|ARM.ActiveCfg = Debug|iPhone
		{A6793D04-2564-41B5-BEA7-BF463550886F}.Debug|iPhone.ActiveCfg = Debug|iPhone
		{A6793D04-2564-41B5-BEA7-BF463550886F}.Debug|iPhone.Build.0 = Debug|iPhone
		{A6793D04-2564-41B5-BEA7-BF463550886F}.Debug|iPhoneSimulator.ActiveCfg = Debug|iPhoneSimulator
		{A6793D04-2564-41B5-BEA7-BF463550886F}.Debug|iPhoneSimulator.Build.0 = Debug|iPhoneSimulator
		{A6793D04-2564-41B5-BEA7-BF463550886F}.Debug|x64.ActiveCfg = Debug|iPhone
		{A6793D04-2564-41B5-BEA7-BF463550886F}.Debug|x86.ActiveCfg = Debug|iPhone
		{A6793D04-2564-41B5-BEA7-BF463550886F}.Release|Any CPU.ActiveCfg = Release|iPhone
		{A6793D04-2564-41B5-BEA7-BF463550886F}.Release|ARM.ActiveCfg = Release|iPhone
		{A6793D04-2564-41B5-BEA7-BF463550886F}.Release|iPhone.ActiveCfg = Release|iPhone
		{A6793D04-2564-41B5-BEA7-BF463550886F}.Release|iPhone.Build.0 = Release|iPhone
		{A6793D04-2564-41B5-BEA7-BF463550886F}.Release|iPhoneSimulator.ActiveCfg = Release|iPhoneSimulator
		{A6793D04-2564-41B5-BEA7-BF463550886F}.Release|iPhoneSimulator.Build.0 = Release|iPhoneSimulator
		{A6793D04-2564-41B5-BEA7-BF463550886F}.Release|x64.ActiveCfg = Release|iPhone
		{A6793D04-2564-41B5-BEA7-BF463550886F}.Release|x86.ActiveCfg = Release|iPhone
		{77F3099D-2DFE-4C25-A4EA-C64206D75573}.Debug|Any CPU.ActiveCfg = Debug|x86
		{77F3099D-2DFE-4C25-A4EA-C64206D75573}.Debug|ARM.ActiveCfg = Debug|ARM
		{77F3099D-2DFE-4C25-A4EA-C64206D75573}.Debug|ARM.Build.0 = Debug|ARM
		{77F3099D-2DFE-4C25-A4EA-C64206D75573}.Debug|ARM.Deploy.0 = Debug|ARM
		{77F3099D-2DFE-4C25-A4EA-C64206D75573}.Debug|iPhone.ActiveCfg = Debug|x86
		{77F3099D-2DFE-4C25-A4EA-C64206D75573}.Debug|iPhoneSimulator.ActiveCfg = Debug|x86
		{77F3099D-2DFE-4C25-A4EA-C64206D75573}.Debug|x64.ActiveCfg = Debug|x64
		{77F3099D-2DFE-4C25-A4EA-C64206D75573}.Debug|x64.Build.0 = Debug|x64
		{77F3099D-2DFE-4C25-A4EA-C64206D75573}.Debug|x64.Deploy.0 = Debug|x64
		{77F3099D-2DFE-4C25-A4EA-C64206D75573}.Debug|x86.ActiveCfg = Debug|x86
		{77F3099D-2DFE-4C25-A4EA-C64206D75573}.Debug|x86.Build.0 = Debug|x86
		{77F3099D-2DFE-4C25-A4EA-C64206D75573}.Debug|x86.Deploy.0 = Debug|x86
		{77F3099D-2DFE-4C25-A4EA-C64206D75573}.Release|Any CPU.ActiveCfg = Release|x86
		{77F3099D-2DFE-4C25-A4EA-C64206D75573}.Release|ARM.ActiveCfg = Release|ARM
		{77F3099D-2DFE-4C25-A4EA-C64206D75573}.Release|ARM.Build.0 = Release|ARM
		{77F3099D-2DFE-4C25-A4EA-C64206D75573}.Release|ARM.Deploy.0 = Release|ARM
		{77F3099D-2DFE-4C25-A4EA-C64206D75573}.Release|iPhone.ActiveCfg = Release|x86
		{77F3099D-2DFE-4C25-A4EA-C64206D75573}.Release|iPhoneSimulator.ActiveCfg = Release|x86
		{77F3099D-2DFE-4C25-A4EA-C64206D75573}.Release|x64.ActiveCfg = Release|x64
		{77F3099D-2DFE-4C25-A4EA-C64206D75573}.Release|x64.Build.0 = Release|x64
		{77F3099D-2DFE-4C25-A4EA-C64206D75573}.Release|x64.Deploy.0 = Release|x64
		{77F3099D-2DFE-4C25-A4EA-C64206D75573}.Release|x86.ActiveCfg = Release|x86
		{77F3099D-2DFE-4C25-A4EA-C64206D75573}.Release|x86.Build.0 = Release|x86
		{77F3099D-2DFE-4C25-A4EA-C64206D75573}.Release|x86.Deploy.0 = Release|x86
		{83875698-8ED3-4D95-A606-9CDC6E71802B}.Debug|Any CPU.ActiveCfg = Debug|Any CPU
		{83875698-8ED3-4D95-A606-9CDC6E71802B}.Debug|Any CPU.Build.0 = Debug|Any CPU
		{83875698-8ED3-4D95-A606-9CDC6E71802B}.Debug|ARM.ActiveCfg = Debug|Any CPU
		{83875698-8ED3-4D95-A606-9CDC6E71802B}.Debug|ARM.Build.0 = Debug|Any CPU
		{83875698-8ED3-4D95-A606-9CDC6E71802B}.Debug|iPhone.ActiveCfg = Debug|Any CPU
		{83875698-8ED3-4D95-A606-9CDC6E71802B}.Debug|iPhone.Build.0 = Debug|Any CPU
		{83875698-8ED3-4D95-A606-9CDC6E71802B}.Debug|iPhoneSimulator.ActiveCfg = Debug|Any CPU
		{83875698-8ED3-4D95-A606-9CDC6E71802B}.Debug|iPhoneSimulator.Build.0 = Debug|Any CPU
		{83875698-8ED3-4D95-A606-9CDC6E71802B}.Debug|x64.ActiveCfg = Debug|Any CPU
		{83875698-8ED3-4D95-A606-9CDC6E71802B}.Debug|x64.Build.0 = Debug|Any CPU
		{83875698-8ED3-4D95-A606-9CDC6E71802B}.Debug|x86.ActiveCfg = Debug|Any CPU
		{83875698-8ED3-4D95-A606-9CDC6E71802B}.Debug|x86.Build.0 = Debug|Any CPU
		{83875698-8ED3-4D95-A606-9CDC6E71802B}.Release|Any CPU.ActiveCfg = Release|Any CPU
		{83875698-8ED3-4D95-A606-9CDC6E71802B}.Release|Any CPU.Build.0 = Release|Any CPU
		{83875698-8ED3-4D95-A606-9CDC6E71802B}.Release|ARM.ActiveCfg = Release|Any CPU
		{83875698-8ED3-4D95-A606-9CDC6E71802B}.Release|ARM.Build.0 = Release|Any CPU
		{83875698-8ED3-4D95-A606-9CDC6E71802B}.Release|iPhone.ActiveCfg = Release|Any CPU
		{83875698-8ED3-4D95-A606-9CDC6E71802B}.Release|iPhone.Build.0 = Release|Any CPU
		{83875698-8ED3-4D95-A606-9CDC6E71802B}.Release|iPhoneSimulator.ActiveCfg = Release|Any CPU
		{83875698-8ED3-4D95-A606-9CDC6E71802B}.Release|iPhoneSimulator.Build.0 = Release|Any CPU
		{83875698-8ED3-4D95-A606-9CDC6E71802B}.Release|x64.ActiveCfg = Release|Any CPU
		{83875698-8ED3-4D95-A606-9CDC6E71802B}.Release|x64.Build.0 = Release|Any CPU
		{83875698-8ED3-4D95-A606-9CDC6E71802B}.Release|x86.ActiveCfg = Release|Any CPU
		{83875698-8ED3-4D95-A606-9CDC6E71802B}.Release|x86.Build.0 = Release|Any CPU
		{8BE26A2B-7507-4C2F-9888-67382FA7582F}.Debug|Any CPU.ActiveCfg = Debug|Any CPU
		{8BE26A2B-7507-4C2F-9888-67382FA7582F}.Debug|Any CPU.Build.0 = Debug|Any CPU
		{8BE26A2B-7507-4C2F-9888-67382FA7582F}.Debug|ARM.ActiveCfg = Debug|Any CPU
		{8BE26A2B-7507-4C2F-9888-67382FA7582F}.Debug|ARM.Build.0 = Debug|Any CPU
		{8BE26A2B-7507-4C2F-9888-67382FA7582F}.Debug|iPhone.ActiveCfg = Debug|Any CPU
		{8BE26A2B-7507-4C2F-9888-67382FA7582F}.Debug|iPhone.Build.0 = Debug|Any CPU
		{8BE26A2B-7507-4C2F-9888-67382FA7582F}.Debug|iPhoneSimulator.ActiveCfg = Debug|Any CPU
		{8BE26A2B-7507-4C2F-9888-67382FA7582F}.Debug|iPhoneSimulator.Build.0 = Debug|Any CPU
		{8BE26A2B-7507-4C2F-9888-67382FA7582F}.Debug|x64.ActiveCfg = Debug|Any CPU
		{8BE26A2B-7507-4C2F-9888-67382FA7582F}.Debug|x64.Build.0 = Debug|Any CPU
		{8BE26A2B-7507-4C2F-9888-67382FA7582F}.Debug|x86.ActiveCfg = Debug|Any CPU
		{8BE26A2B-7507-4C2F-9888-67382FA7582F}.Debug|x86.Build.0 = Debug|Any CPU
		{8BE26A2B-7507-4C2F-9888-67382FA7582F}.Release|Any CPU.ActiveCfg = Release|Any CPU
		{8BE26A2B-7507-4C2F-9888-67382FA7582F}.Release|Any CPU.Build.0 = Release|Any CPU
		{8BE26A2B-7507-4C2F-9888-67382FA7582F}.Release|ARM.ActiveCfg = Release|Any CPU
		{8BE26A2B-7507-4C2F-9888-67382FA7582F}.Release|ARM.Build.0 = Release|Any CPU
		{8BE26A2B-7507-4C2F-9888-67382FA7582F}.Release|iPhone.ActiveCfg = Release|Any CPU
		{8BE26A2B-7507-4C2F-9888-67382FA7582F}.Release|iPhone.Build.0 = Release|Any CPU
		{8BE26A2B-7507-4C2F-9888-67382FA7582F}.Release|iPhoneSimulator.ActiveCfg = Release|Any CPU
		{8BE26A2B-7507-4C2F-9888-67382FA7582F}.Release|iPhoneSimulator.Build.0 = Release|Any CPU
		{8BE26A2B-7507-4C2F-9888-67382FA7582F}.Release|x64.ActiveCfg = Release|Any CPU
		{8BE26A2B-7507-4C2F-9888-67382FA7582F}.Release|x64.Build.0 = Release|Any CPU
		{8BE26A2B-7507-4C2F-9888-67382FA7582F}.Release|x86.ActiveCfg = Release|Any CPU
		{8BE26A2B-7507-4C2F-9888-67382FA7582F}.Release|x86.Build.0 = Release|Any CPU
		{396F2ECF-E0FC-41B2-8818-538F39756337}.Debug|Any CPU.ActiveCfg = Debug|Any CPU
		{396F2ECF-E0FC-41B2-8818-538F39756337}.Debug|Any CPU.Build.0 = Debug|Any CPU
		{396F2ECF-E0FC-41B2-8818-538F39756337}.Debug|ARM.ActiveCfg = Debug|Any CPU
		{396F2ECF-E0FC-41B2-8818-538F39756337}.Debug|ARM.Build.0 = Debug|Any CPU
		{396F2ECF-E0FC-41B2-8818-538F39756337}.Debug|iPhone.ActiveCfg = Debug|Any CPU
		{396F2ECF-E0FC-41B2-8818-538F39756337}.Debug|iPhone.Build.0 = Debug|Any CPU
		{396F2ECF-E0FC-41B2-8818-538F39756337}.Debug|iPhoneSimulator.ActiveCfg = Debug|Any CPU
		{396F2ECF-E0FC-41B2-8818-538F39756337}.Debug|iPhoneSimulator.Build.0 = Debug|Any CPU
		{396F2ECF-E0FC-41B2-8818-538F39756337}.Debug|x64.ActiveCfg = Debug|Any CPU
		{396F2ECF-E0FC-41B2-8818-538F39756337}.Debug|x64.Build.0 = Debug|Any CPU
		{396F2ECF-E0FC-41B2-8818-538F39756337}.Debug|x86.ActiveCfg = Debug|Any CPU
		{396F2ECF-E0FC-41B2-8818-538F39756337}.Debug|x86.Build.0 = Debug|Any CPU
		{396F2ECF-E0FC-41B2-8818-538F39756337}.Release|Any CPU.ActiveCfg = Release|Any CPU
		{396F2ECF-E0FC-41B2-8818-538F39756337}.Release|Any CPU.Build.0 = Release|Any CPU
		{396F2ECF-E0FC-41B2-8818-538F39756337}.Release|ARM.ActiveCfg = Release|Any CPU
		{396F2ECF-E0FC-41B2-8818-538F39756337}.Release|ARM.Build.0 = Release|Any CPU
		{396F2ECF-E0FC-41B2-8818-538F39756337}.Release|iPhone.ActiveCfg = Release|Any CPU
		{396F2ECF-E0FC-41B2-8818-538F39756337}.Release|iPhone.Build.0 = Release|Any CPU
		{396F2ECF-E0FC-41B2-8818-538F39756337}.Release|iPhoneSimulator.ActiveCfg = Release|Any CPU
		{396F2ECF-E0FC-41B2-8818-538F39756337}.Release|iPhoneSimulator.Build.0 = Release|Any CPU
		{396F2ECF-E0FC-41B2-8818-538F39756337}.Release|x64.ActiveCfg = Release|Any CPU
		{396F2ECF-E0FC-41B2-8818-538F39756337}.Release|x64.Build.0 = Release|Any CPU
		{396F2ECF-E0FC-41B2-8818-538F39756337}.Release|x86.ActiveCfg = Release|Any CPU
		{396F2ECF-E0FC-41B2-8818-538F39756337}.Release|x86.Build.0 = Release|Any CPU
		{5C56A4E6-D24F-4A70-9542-F7D8743F2C73}.Debug|Any CPU.ActiveCfg = Debug|Any CPU
		{5C56A4E6-D24F-4A70-9542-F7D8743F2C73}.Debug|Any CPU.Build.0 = Debug|Any CPU
		{5C56A4E6-D24F-4A70-9542-F7D8743F2C73}.Debug|ARM.ActiveCfg = Debug|Any CPU
		{5C56A4E6-D24F-4A70-9542-F7D8743F2C73}.Debug|ARM.Build.0 = Debug|Any CPU
		{5C56A4E6-D24F-4A70-9542-F7D8743F2C73}.Debug|iPhone.ActiveCfg = Debug|Any CPU
		{5C56A4E6-D24F-4A70-9542-F7D8743F2C73}.Debug|iPhone.Build.0 = Debug|Any CPU
		{5C56A4E6-D24F-4A70-9542-F7D8743F2C73}.Debug|iPhoneSimulator.ActiveCfg = Debug|Any CPU
		{5C56A4E6-D24F-4A70-9542-F7D8743F2C73}.Debug|iPhoneSimulator.Build.0 = Debug|Any CPU
		{5C56A4E6-D24F-4A70-9542-F7D8743F2C73}.Debug|x64.ActiveCfg = Debug|Any CPU
		{5C56A4E6-D24F-4A70-9542-F7D8743F2C73}.Debug|x64.Build.0 = Debug|Any CPU
		{5C56A4E6-D24F-4A70-9542-F7D8743F2C73}.Debug|x86.ActiveCfg = Debug|Any CPU
		{5C56A4E6-D24F-4A70-9542-F7D8743F2C73}.Debug|x86.Build.0 = Debug|Any CPU
		{5C56A4E6-D24F-4A70-9542-F7D8743F2C73}.Release|Any CPU.ActiveCfg = Release|Any CPU
		{5C56A4E6-D24F-4A70-9542-F7D8743F2C73}.Release|Any CPU.Build.0 = Release|Any CPU
		{5C56A4E6-D24F-4A70-9542-F7D8743F2C73}.Release|ARM.ActiveCfg = Release|Any CPU
		{5C56A4E6-D24F-4A70-9542-F7D8743F2C73}.Release|ARM.Build.0 = Release|Any CPU
		{5C56A4E6-D24F-4A70-9542-F7D8743F2C73}.Release|iPhone.ActiveCfg = Release|Any CPU
		{5C56A4E6-D24F-4A70-9542-F7D8743F2C73}.Release|iPhone.Build.0 = Release|Any CPU
		{5C56A4E6-D24F-4A70-9542-F7D8743F2C73}.Release|iPhoneSimulator.ActiveCfg = Release|Any CPU
		{5C56A4E6-D24F-4A70-9542-F7D8743F2C73}.Release|iPhoneSimulator.Build.0 = Release|Any CPU
		{5C56A4E6-D24F-4A70-9542-F7D8743F2C73}.Release|x64.ActiveCfg = Release|Any CPU
		{5C56A4E6-D24F-4A70-9542-F7D8743F2C73}.Release|x64.Build.0 = Release|Any CPU
		{5C56A4E6-D24F-4A70-9542-F7D8743F2C73}.Release|x86.ActiveCfg = Release|Any CPU
		{5C56A4E6-D24F-4A70-9542-F7D8743F2C73}.Release|x86.Build.0 = Release|Any CPU
		{E71F3053-056C-4381-9638-048ED73BDFF6}.Debug|Any CPU.ActiveCfg = Debug|Any CPU
		{E71F3053-056C-4381-9638-048ED73BDFF6}.Debug|Any CPU.Build.0 = Debug|Any CPU
		{E71F3053-056C-4381-9638-048ED73BDFF6}.Debug|ARM.ActiveCfg = Debug|Any CPU
		{E71F3053-056C-4381-9638-048ED73BDFF6}.Debug|ARM.Build.0 = Debug|Any CPU
		{E71F3053-056C-4381-9638-048ED73BDFF6}.Debug|iPhone.ActiveCfg = Debug|Any CPU
		{E71F3053-056C-4381-9638-048ED73BDFF6}.Debug|iPhone.Build.0 = Debug|Any CPU
		{E71F3053-056C-4381-9638-048ED73BDFF6}.Debug|iPhoneSimulator.ActiveCfg = Debug|Any CPU
		{E71F3053-056C-4381-9638-048ED73BDFF6}.Debug|iPhoneSimulator.Build.0 = Debug|Any CPU
		{E71F3053-056C-4381-9638-048ED73BDFF6}.Debug|x64.ActiveCfg = Debug|Any CPU
		{E71F3053-056C-4381-9638-048ED73BDFF6}.Debug|x64.Build.0 = Debug|Any CPU
		{E71F3053-056C-4381-9638-048ED73BDFF6}.Debug|x86.ActiveCfg = Debug|Any CPU
		{E71F3053-056C-4381-9638-048ED73BDFF6}.Debug|x86.Build.0 = Debug|Any CPU
		{E71F3053-056C-4381-9638-048ED73BDFF6}.Release|Any CPU.ActiveCfg = Release|Any CPU
		{E71F3053-056C-4381-9638-048ED73BDFF6}.Release|Any CPU.Build.0 = Release|Any CPU
		{E71F3053-056C-4381-9638-048ED73BDFF6}.Release|ARM.ActiveCfg = Release|Any CPU
		{E71F3053-056C-4381-9638-048ED73BDFF6}.Release|ARM.Build.0 = Release|Any CPU
		{E71F3053-056C-4381-9638-048ED73BDFF6}.Release|iPhone.ActiveCfg = Release|Any CPU
		{E71F3053-056C-4381-9638-048ED73BDFF6}.Release|iPhone.Build.0 = Release|Any CPU
		{E71F3053-056C-4381-9638-048ED73BDFF6}.Release|iPhoneSimulator.ActiveCfg = Release|Any CPU
		{E71F3053-056C-4381-9638-048ED73BDFF6}.Release|iPhoneSimulator.Build.0 = Release|Any CPU
		{E71F3053-056C-4381-9638-048ED73BDFF6}.Release|x64.ActiveCfg = Release|Any CPU
		{E71F3053-056C-4381-9638-048ED73BDFF6}.Release|x64.Build.0 = Release|Any CPU
		{E71F3053-056C-4381-9638-048ED73BDFF6}.Release|x86.ActiveCfg = Release|Any CPU
		{E71F3053-056C-4381-9638-048ED73BDFF6}.Release|x86.Build.0 = Release|Any CPU
		{07272096-7498-4F50-B9FC-AA5202BDA99D}.Debug|Any CPU.ActiveCfg = Debug|Any CPU
		{07272096-7498-4F50-B9FC-AA5202BDA99D}.Debug|Any CPU.Build.0 = Debug|Any CPU
		{07272096-7498-4F50-B9FC-AA5202BDA99D}.Debug|Any CPU.Deploy.0 = Debug|Any CPU
		{07272096-7498-4F50-B9FC-AA5202BDA99D}.Debug|ARM.ActiveCfg = Debug|Any CPU
		{07272096-7498-4F50-B9FC-AA5202BDA99D}.Debug|ARM.Build.0 = Debug|Any CPU
		{07272096-7498-4F50-B9FC-AA5202BDA99D}.Debug|ARM.Deploy.0 = Debug|Any CPU
		{07272096-7498-4F50-B9FC-AA5202BDA99D}.Debug|iPhone.ActiveCfg = Debug|Any CPU
		{07272096-7498-4F50-B9FC-AA5202BDA99D}.Debug|iPhone.Build.0 = Debug|Any CPU
		{07272096-7498-4F50-B9FC-AA5202BDA99D}.Debug|iPhone.Deploy.0 = Debug|Any CPU
		{07272096-7498-4F50-B9FC-AA5202BDA99D}.Debug|iPhoneSimulator.ActiveCfg = Debug|Any CPU
		{07272096-7498-4F50-B9FC-AA5202BDA99D}.Debug|iPhoneSimulator.Build.0 = Debug|Any CPU
		{07272096-7498-4F50-B9FC-AA5202BDA99D}.Debug|iPhoneSimulator.Deploy.0 = Debug|Any CPU
		{07272096-7498-4F50-B9FC-AA5202BDA99D}.Debug|x64.ActiveCfg = Debug|Any CPU
		{07272096-7498-4F50-B9FC-AA5202BDA99D}.Debug|x64.Build.0 = Debug|Any CPU
		{07272096-7498-4F50-B9FC-AA5202BDA99D}.Debug|x64.Deploy.0 = Debug|Any CPU
		{07272096-7498-4F50-B9FC-AA5202BDA99D}.Debug|x86.ActiveCfg = Debug|Any CPU
		{07272096-7498-4F50-B9FC-AA5202BDA99D}.Debug|x86.Build.0 = Debug|Any CPU
		{07272096-7498-4F50-B9FC-AA5202BDA99D}.Debug|x86.Deploy.0 = Debug|Any CPU
		{07272096-7498-4F50-B9FC-AA5202BDA99D}.Release|Any CPU.ActiveCfg = Release|Any CPU
		{07272096-7498-4F50-B9FC-AA5202BDA99D}.Release|Any CPU.Build.0 = Release|Any CPU
		{07272096-7498-4F50-B9FC-AA5202BDA99D}.Release|Any CPU.Deploy.0 = Release|Any CPU
		{07272096-7498-4F50-B9FC-AA5202BDA99D}.Release|ARM.ActiveCfg = Release|Any CPU
		{07272096-7498-4F50-B9FC-AA5202BDA99D}.Release|ARM.Build.0 = Release|Any CPU
		{07272096-7498-4F50-B9FC-AA5202BDA99D}.Release|ARM.Deploy.0 = Release|Any CPU
		{07272096-7498-4F50-B9FC-AA5202BDA99D}.Release|iPhone.ActiveCfg = Release|Any CPU
		{07272096-7498-4F50-B9FC-AA5202BDA99D}.Release|iPhone.Build.0 = Release|Any CPU
		{07272096-7498-4F50-B9FC-AA5202BDA99D}.Release|iPhone.Deploy.0 = Release|Any CPU
		{07272096-7498-4F50-B9FC-AA5202BDA99D}.Release|iPhoneSimulator.ActiveCfg = Release|Any CPU
		{07272096-7498-4F50-B9FC-AA5202BDA99D}.Release|iPhoneSimulator.Build.0 = Release|Any CPU
		{07272096-7498-4F50-B9FC-AA5202BDA99D}.Release|iPhoneSimulator.Deploy.0 = Release|Any CPU
		{07272096-7498-4F50-B9FC-AA5202BDA99D}.Release|x64.ActiveCfg = Release|Any CPU
		{07272096-7498-4F50-B9FC-AA5202BDA99D}.Release|x64.Build.0 = Release|Any CPU
		{07272096-7498-4F50-B9FC-AA5202BDA99D}.Release|x64.Deploy.0 = Release|Any CPU
		{07272096-7498-4F50-B9FC-AA5202BDA99D}.Release|x86.ActiveCfg = Release|Any CPU
		{07272096-7498-4F50-B9FC-AA5202BDA99D}.Release|x86.Build.0 = Release|Any CPU
		{07272096-7498-4F50-B9FC-AA5202BDA99D}.Release|x86.Deploy.0 = Release|Any CPU
		{4C22BFDA-5874-4348-B67D-2B06D262BAE4}.Debug|Any CPU.ActiveCfg = Debug|iPhone
		{4C22BFDA-5874-4348-B67D-2B06D262BAE4}.Debug|ARM.ActiveCfg = Debug|iPhone
		{4C22BFDA-5874-4348-B67D-2B06D262BAE4}.Debug|iPhone.ActiveCfg = Debug|iPhone
		{4C22BFDA-5874-4348-B67D-2B06D262BAE4}.Debug|iPhone.Build.0 = Debug|iPhone
		{4C22BFDA-5874-4348-B67D-2B06D262BAE4}.Debug|iPhoneSimulator.ActiveCfg = Debug|iPhoneSimulator
		{4C22BFDA-5874-4348-B67D-2B06D262BAE4}.Debug|iPhoneSimulator.Build.0 = Debug|iPhoneSimulator
		{4C22BFDA-5874-4348-B67D-2B06D262BAE4}.Debug|x64.ActiveCfg = Debug|iPhone
		{4C22BFDA-5874-4348-B67D-2B06D262BAE4}.Debug|x86.ActiveCfg = Debug|iPhone
		{4C22BFDA-5874-4348-B67D-2B06D262BAE4}.Release|Any CPU.ActiveCfg = Release|iPhone
		{4C22BFDA-5874-4348-B67D-2B06D262BAE4}.Release|ARM.ActiveCfg = Release|iPhone
		{4C22BFDA-5874-4348-B67D-2B06D262BAE4}.Release|iPhone.ActiveCfg = Release|iPhone
		{4C22BFDA-5874-4348-B67D-2B06D262BAE4}.Release|iPhone.Build.0 = Release|iPhone
		{4C22BFDA-5874-4348-B67D-2B06D262BAE4}.Release|iPhoneSimulator.ActiveCfg = Release|iPhoneSimulator
		{4C22BFDA-5874-4348-B67D-2B06D262BAE4}.Release|iPhoneSimulator.Build.0 = Release|iPhoneSimulator
		{4C22BFDA-5874-4348-B67D-2B06D262BAE4}.Release|x64.ActiveCfg = Release|iPhone
		{4C22BFDA-5874-4348-B67D-2B06D262BAE4}.Release|x86.ActiveCfg = Release|iPhone
	EndGlobalSection
	GlobalSection(SolutionProperties) = preSolution
		HideSolutionNode = FALSE
	EndGlobalSection
	GlobalSection(NestedProjects) = preSolution
		{D7811991-A1EC-46F3-83D5-F06EC1FA9E6F} = {974EFC06-385C-4CC5-918B-B4E836951D37}
		{A6793D04-2564-41B5-BEA7-BF463550886F} = {974EFC06-385C-4CC5-918B-B4E836951D37}
		{77F3099D-2DFE-4C25-A4EA-C64206D75573} = {974EFC06-385C-4CC5-918B-B4E836951D37}
		{83875698-8ED3-4D95-A606-9CDC6E71802B} = {974EFC06-385C-4CC5-918B-B4E836951D37}
		{07272096-7498-4F50-B9FC-AA5202BDA99D} = {9907BD04-C895-41F7-96C5-01D44E90CA65}
		{4C22BFDA-5874-4348-B67D-2B06D262BAE4} = {9907BD04-C895-41F7-96C5-01D44E90CA65}
	EndGlobalSection
	GlobalSection(ExtensibilityGlobals) = postSolution
		SolutionGuid = {3D05A9B1-18A6-48F3-B324-BE973BB63232}
	EndGlobalSection
EndGlobal
